
Microsoft Visual Studio Solution File, Format Version 12.00
# Visual Studio Version 17
VisualStudioVersion = 17.3.32929.385
MinimumVisualStudioVersion = 10.0.40219.1
Project("{FAE04EC0-301F-11D3-BF4B-00C04F79EFBC}") = "MethodandTP", "MethodandTP\MethodandTP.csproj", "{44657143-1F32-45B0-A310-86F4569DB3C0}"
EndProject
Global
	GlobalSection(SolutionConfigurationPlatforms) = preSolution
		Debug|Any CPU = Debug|Any CPU
		Release|Any CPU = Release|Any CPU
	EndGlobalSection
	GlobalSection(ProjectConfigurationPlatforms) = postSolution
		{44657143-1F32-45B0-A310-86F4569DB3C0}.Debug|Any CPU.ActiveCfg = Debug|Any CPU
		{44657143-1F32-45B0-A310-86F4569DB3C0}.Debug|Any CPU.Build.0 = Debug|Any CPU
		{44657143-1F32-45B0-A310-86F4569DB3C0}.Release|Any CPU.ActiveCfg = Release|Any CPU
		{44657143-1F32-45B0-A310-86F4569DB3C0}.Release|Any CPU.Build.0 = Release|Any CPU
	EndGlobalSection
	GlobalSection(SolutionProperties) = preSolution
		HideSolutionNode = FALSE
	EndGlobalSection
	GlobalSection(ExtensibilityGlobals) = postSolution
		SolutionGuid = {178003BB-BF02-4AF3-A78B-BC04E62A852D}
	EndGlobalSection
EndGlobal
